
Microsoft Visual Studio Solution File, Format Version 12.00
# Visual Studio Version 16
VisualStudioVersion = 16.0.32901.82
MinimumVisualStudioVersion = 10.0.40219.1
Project("{8BC9CEB8-8B4A-11D0-8D11-00A0C91BC942}") = "OpenCvTest", "OpenCvTest\OpenCvTest.vcxproj", "{E8379EBB-536D-4FA5-8F32-31083B12FF79}"
EndProject
Global
	GlobalSection(SolutionConfigurationPlatforms) = preSolution
		Debug|x64 = Debug|x64
		Debug|x86 = Debug|x86
		Release|x64 = Release|x64
		Release|x86 = Release|x86
	EndGlobalSection
	GlobalSection(ProjectConfigurationPlatforms) = postSolution
		{E8379EBB-536D-4FA5-8F32-31083B12FF79}.Debug|x64.ActiveCfg = Debug|x64
		{E8379EBB-536D-4FA5-8F32-31083B12FF79}.Debug|x64.Build.0 = Debug|x64
		{E8379EBB-536D-4FA5-8F32-31083B12FF79}.Debug|x86.ActiveCfg = Debug|Win32
		{E8379EBB-536D-4FA5-8F32-31083B12FF79}.Debug|x86.Build.0 = Debug|Win32
		{E8379EBB-536D-4FA5-8F32-31083B12FF79}.Release|x64.ActiveCfg = Release|x64
		{E8379EBB-536D-4FA5-8F32-31083B12FF79}.Release|x64.Build.0 = Release|x64
		{E8379EBB-536D-4FA5-8F32-31083B12FF79}.Release|x86.ActiveCfg = Release|Win32
		{E8379EBB-536D-4FA5-8F32-31083B12FF79}.Release|x86.Build.0 = Release|Win32
	EndGlobalSection
	GlobalSection(SolutionProperties) = preSolution
		HideSolutionNode = FALSE
	EndGlobalSection
	GlobalSection(ExtensibilityGlobals) = postSolution
		SolutionGuid = {A4AACE03-1DA9-49CC-8D43-BD1F063FD7EA}
	EndGlobalSection
EndGlobal
